
Microsoft Visual Studio Solution File, Format Version 12.00
# Visual Studio Version 16
VisualStudioVersion = 16.0.30621.155
MinimumVisualStudioVersion = 10.0.40219.1
Project("{FAE04EC0-301F-11D3-BF4B-00C04F79EFBC}") = "johanVGCsharks", "johanVGCsharks\johanVGCsharks.csproj", "{D54BA61D-3365-403D-9AD2-001E9F2E1CCD}"
EndProject
Global
	GlobalSection(SolutionConfigurationPlatforms) = preSolution
		Debug|Any CPU = Debug|Any CPU
		Release|Any CPU = Release|Any CPU
	EndGlobalSection
	GlobalSection(ProjectConfigurationPlatforms) = postSolution
		{D54BA61D-3365-403D-9AD2-001E9F2E1CCD}.Debug|Any CPU.ActiveCfg = Debug|Any CPU
		{D54BA61D-3365-403D-9AD2-001E9F2E1CCD}.Debug|Any CPU.Build.0 = Debug|Any CPU
		{D54BA61D-3365-403D-9AD2-001E9F2E1CCD}.Release|Any CPU.ActiveCfg = Release|Any CPU
		{D54BA61D-3365-403D-9AD2-001E9F2E1CCD}.Release|Any CPU.Build.0 = Release|Any CPU
	EndGlobalSection
	GlobalSection(SolutionProperties) = preSolution
		HideSolutionNode = FALSE
	EndGlobalSection
	GlobalSection(ExtensibilityGlobals) = postSolution
		SolutionGuid = {09318E90-46A8-4757-99FC-772FC412F48E}
	EndGlobalSection
EndGlobal
